
Microsoft Visual Studio Solution File, Format Version 12.00
# Visual Studio Version 16
VisualStudioVersion = 16.0.31624.102
MinimumVisualStudioVersion = 10.0.40219.1
Project("{9A19103F-16F7-4668-BE54-9A1E7A4F7556}") = "TrinityCore.Map.Net.IO", "TrinityCore.Map.Net.IO\TrinityCore.Map.Net.IO.csproj", "{C5FFD73D-DC06-4867-A1C8-243061D4884F}"
EndProject
Project("{9A19103F-16F7-4668-BE54-9A1E7A4F7556}") = "TrinityCore.Map.Net.IO.Sample", "TrinityCore.Map.Net.IO.Sample\TrinityCore.Map.Net.IO.Sample.csproj", "{2BCFBBFE-B53E-4A2A-9B2B-7FC196EF18DD}"
EndProject
Project("{D954291E-2A0B-460D-934E-DC6B0785DB48}") = "TrinityCore.Map.Net.IO.Code", "TrinityCore.Map.Net.IO.Code\TrinityCore.Map.Net.IO.Code.shproj", "{538EC45A-26AC-484F-A33B-7D3197F865AE}"
EndProject
Global
	GlobalSection(SharedMSBuildProjectFiles) = preSolution
		TrinityCore.Map.Net.IO.Code\TrinityCore.Map.Net.IO.Code.projitems*{538ec45a-26ac-484f-a33b-7d3197f865ae}*SharedItemsImports = 13
		TrinityCore.Map.Net.IO.Code\TrinityCore.Map.Net.IO.Code.projitems*{c5ffd73d-dc06-4867-a1c8-243061d4884f}*SharedItemsImports = 5
	EndGlobalSection
	GlobalSection(SolutionConfigurationPlatforms) = preSolution
		Debug|Any CPU = Debug|Any CPU
		Release|Any CPU = Release|Any CPU
	EndGlobalSection
	GlobalSection(ProjectConfigurationPlatforms) = postSolution
		{C5FFD73D-DC06-4867-A1C8-243061D4884F}.Debug|Any CPU.ActiveCfg = Debug|Any CPU
		{C5FFD73D-DC06-4867-A1C8-243061D4884F}.Debug|Any CPU.Build.0 = Debug|Any CPU
		{C5FFD73D-DC06-4867-A1C8-243061D4884F}.Release|Any CPU.ActiveCfg = Release|Any CPU
		{C5FFD73D-DC06-4867-A1C8-243061D4884F}.Release|Any CPU.Build.0 = Release|Any CPU
		{2BCFBBFE-B53E-4A2A-9B2B-7FC196EF18DD}.Debug|Any CPU.ActiveCfg = Debug|Any CPU
		{2BCFBBFE-B53E-4A2A-9B2B-7FC196EF18DD}.Debug|Any CPU.Build.0 = Debug|Any CPU
		{2BCFBBFE-B53E-4A2A-9B2B-7FC196EF18DD}.Release|Any CPU.ActiveCfg = Release|Any CPU
		{2BCFBBFE-B53E-4A2A-9B2B-7FC196EF18DD}.Release|Any CPU.Build.0 = Release|Any CPU
	EndGlobalSection
	GlobalSection(SolutionProperties) = preSolution
		HideSolutionNode = FALSE
	EndGlobalSection
	GlobalSection(ExtensibilityGlobals) = postSolution
		SolutionGuid = {C33A16A8-AB6F-403C-B0D6-C5A2C1819F55}
	EndGlobalSection
EndGlobal
